<?xml version="1.0" encoding="utf-8"?>
<Project ToolsVersion="4.0" xmlns="http://schemas.microsoft.com/developer/msbuild/2003">
  <ItemGroup>
    <ClCompile Include="pch.cpp" />
    <ClCompile Include="Storage.cpp">
      <Filter>Private</Filter>
    </ClCompile>
    <ClCompile Include="ClientCore.cpp">
      <Filter>Private</Filter>
    </ClCompile>
    <ClCompile Include="WindowSystem.cpp">
      <Filter>Private</Filter>
    </ClCompile>
    <ClCompile Include="ClayEngine.cpp">
      <Filter>Private</Filter>
    </ClCompile>
    <ClCompile Include="InputSystem.cpp">
      <Filter>Private</Filter>
    </ClCompile>
  </ItemGroup>
  <ItemGroup>
    <ClInclude Include="ClayEngine.h" />
    <ClInclude Include="json.hpp" />
    <ClInclude Include="pch.h" />
    <ClInclude Include="ClientCore.h">
      <Filter>Public</Filter>
    </ClInclude>
    <ClInclude Include="Strings.h">
      <Filter>Public</Filter>
    </ClInclude>
    <ClInclude Include="Services.h">
      <Filter>Public</Filter>
    </ClInclude>
    <ClInclude Include="Storage.h">
      <Filter>Public</Filter>
    </ClInclude>
    <ClInclude Include="WindowSystem.h">
      <Filter>Public</Filter>
    </ClInclude>
    <ClInclude Include="InputSystem.h">
      <Filter>Public</Filter>
    </ClInclude>
  </ItemGroup>
  <ItemGroup>
    <Filter Include="Public">
      <UniqueIdentifier>{4f35a41b-0986-480d-87e3-a4eedf82a7a3}</UniqueIdentifier>
      <Extensions>h;hh;hpp;hxx;h++;hm;inl;inc;ipp;xsd</Extensions>
    </Filter>
    <Filter Include="Private">
      <UniqueIdentifier>{94cb5c00-f187-4a39-b659-72bb9503d530}</UniqueIdentifier>
      <Extensions>cpp;c;cc;cxx;c++;cppm;ixx;def;odl;idl;hpj;bat;asm;asmx</Extensions>
    </Filter>
    <Filter Include="Public\Graphics">
      <UniqueIdentifier>{2dbc48c1-4314-4641-af6f-ff974b7628e6}</UniqueIdentifier>
    </Filter>
    <Filter Include="Private\Graphics">
      <UniqueIdentifier>{174b755e-4b95-49c9-9060-e16475d083cf}</UniqueIdentifier>
    </Filter>
    <Filter Include="Private\Network">
      <UniqueIdentifier>{e80434ef-ae2f-497e-808b-69913c88ad2c}</UniqueIdentifier>
    </Filter>
    <Filter Include="Public\Network">
      <UniqueIdentifier>{8e9706e4-1c5b-422e-a244-8ddbcf7cef77}</UniqueIdentifier>
    </Filter>
  </ItemGroup>
</Project>