<?xml version="1.0" encoding="utf-8"?>
<Project ToolsVersion="4.0" xmlns="http://schemas.microsoft.com/developer/msbuild/2003">
  <ItemGroup>
    <ClCompile Include="pch.cpp" />
    <ClCompile Include="Storage.cpp">
      <Filter>Private</Filter>
    </ClCompile>
    <ClCompile Include="ClientCore.cpp">
      <Filter>Private</Filter>
    </ClCompile>
    <ClCompile Include="WindowSystem.cpp">
      <Filter>Private</Filter>
    </ClCompile>
    <ClCompile Include="ClayEngine.cpp">
      <Filter>Private</Filter>
    </ClCompile>
    <ClCompile Include="InputSystem.cpp">
      <Filter>Private</Filter>
    </ClCompile>
    <ClCompile Include="DX11Resources.cpp">
      <Filter>Private</Filter>
    </ClCompile>
    <ClCompile Include="DX11Textures.cpp">
      <Filter>Private</Filter>
    </ClCompile>
    <ClCompile Include="ContentSystem.cpp">
      <Filter>Private</Filter>
    </ClCompile>
    <ClCompile Include="RenderSystem.cpp">
      <Filter>Private</Filter>
    </ClCompile>
    <ClCompile Include="DX11PrimitivePipeline.cpp">
      <Filter>Private</Filter>
    </ClCompile>
  </ItemGroup>
  <ItemGroup>
    <ClInclude Include="ClayEngine.h" />
    <ClInclude Include="json.hpp" />
    <ClInclude Include="pch.h" />
    <ClInclude Include="ClientCore.h">
      <Filter>Public</Filter>
    </ClInclude>
    <ClInclude Include="Strings.h">
      <Filter>Public</Filter>
    </ClInclude>
    <ClInclude Include="Services.h">
      <Filter>Public</Filter>
    </ClInclude>
    <ClInclude Include="Storage.h">
      <Filter>Public</Filter>
    </ClInclude>
    <ClInclude Include="WindowSystem.h">
      <Filter>Public</Filter>
    </ClInclude>
    <ClInclude Include="InputSystem.h">
      <Filter>Public</Filter>
    </ClInclude>
    <ClInclude Include="DX11Resources.h">
      <Filter>Public</Filter>
    </ClInclude>
    <ClInclude Include="DX11Textures.h">
      <Filter>Public</Filter>
    </ClInclude>
    <ClInclude Include="ContentSystem.h">
      <Filter>Public</Filter>
    </ClInclude>
    <ClInclude Include="RenderSystem.h">
      <Filter>Public</Filter>
    </ClInclude>
    <ClInclude Include="DX11PrimitivePipeline.h">
      <Filter>Public</Filter>
    </ClInclude>
  </ItemGroup>
  <ItemGroup>
    <Filter Include="Public">
      <UniqueIdentifier>{4f35a41b-0986-480d-87e3-a4eedf82a7a3}</UniqueIdentifier>
      <Extensions>h;hh;hpp;hxx;h++;hm;inl;inc;ipp;xsd</Extensions>
    </Filter>
    <Filter Include="Private">
      <UniqueIdentifier>{94cb5c00-f187-4a39-b659-72bb9503d530}</UniqueIdentifier>
      <Extensions>cpp;c;cc;cxx;c++;cppm;ixx;def;odl;idl;hpj;bat;asm;asmx</Extensions>
    </Filter>
  </ItemGroup>
</Project>